<?xml version="1.0" encoding="utf-8"?>
<Project ToolsVersion="4.0" xmlns="http://schemas.microsoft.com/developer/msbuild/2003">
  <ItemGroup>
    <ClCompile Include="Game\Debug\ParameterMgr.cpp" />
    <ClCompile Include="KazLibrary\Buffer\CreateGpuBuffer.cpp" />
    <ClCompile Include="KazLibrary\Buffer\DescriptorHeapMgr.cpp" />
    <ClCompile Include="KazLibrary\Camera\CameraMgr.cpp" />
    <ClCompile Include="KazLibrary\Collision\CollisionManager.cpp" />
    <ClCompile Include="KazLibrary\DirectXCommon\DirectX12.cpp" />
    <ClCompile Include="KazLibrary\DirectXCommon\DirectX12CmdList.cpp" />
    <ClCompile Include="KazLibrary\DirectXCommon\DirectX12Device.cpp" />
    <ClCompile Include="KazLibrary\Easing\easing.cpp" />
    <ClCompile Include="KazLibrary\Fps\FPSManager.cpp" />
    <ClCompile Include="KazLibrary\Helper\DirtyFlag.cpp" />
    <ClCompile Include="KazLibrary\Helper\HandleMaker.cpp" />
    <ClCompile Include="KazLibrary\Helper\ISinglton.cpp" />
    <ClCompile Include="KazLibrary\Helper\KazBufferHelper.cpp" />
    <ClCompile Include="KazLibrary\Helper\KazHelper.cpp" />
    <ClCompile Include="KazLibrary\Helper\KazRenderHelper.cpp" />
    <ClCompile Include="KazLibrary\Helper\OutPutDebugStringAndCheckResult.cpp" />
    <ClCompile Include="KazLibrary\Helper\RegisterNameWithData.cpp" />
    <ClCompile Include="KazLibrary\Helper\Select.cpp" />
    <ClCompile Include="KazLibrary\Imgui\imgui.cpp" />
    <ClCompile Include="KazLibrary\Imgui\imgui_demo.cpp" />
    <ClCompile Include="KazLibrary\Imgui\imgui_draw.cpp" />
    <ClCompile Include="KazLibrary\Imgui\imgui_impl_dx12.cpp" />
    <ClCompile Include="KazLibrary\Imgui\imgui_impl_win32.cpp" />
    <ClCompile Include="KazLibrary\Imgui\imgui_tables.cpp" />
    <ClCompile Include="KazLibrary\Imgui\imgui_widgets.cpp" />
    <ClCompile Include="KazLibrary\Imgui\MyImgui.cpp" />
    <ClCompile Include="KazLibrary\Input\ControllerInputManager.cpp" />
    <ClCompile Include="KazLibrary\Input\KeyBoradInputManager.cpp" />
    <ClCompile Include="KazLibrary\Loader\FbxModelResourceMgr.cpp" />
    <ClCompile Include="KazLibrary\Loader\ObjResourceMgr.cpp" />
    <ClCompile Include="KazLibrary\Loader\TextureResourceMgr.cpp" />
    <ClCompile Include="KazLibrary\Math\KazMath.cpp" />
    <ClCompile Include="KazLibrary\Pipeline\GraphicsDepthTest.cpp" />
    <ClCompile Include="KazLibrary\Pipeline\GraphicsPipeLineMgr.cpp" />
    <ClCompile Include="KazLibrary\Pipeline\GraphicsRootSignature.cpp" />
    <ClCompile Include="KazLibrary\Pipeline\PreCreateBasePipeLine.cpp" />
    <ClCompile Include="KazLibrary\Pipeline\PreCreateBaseRootSignature.cpp" />
    <ClCompile Include="KazLibrary\Pipeline\Shader.cpp" />
    <ClCompile Include="KazLibrary\RenderTarget\RenderTargetStatus.cpp" />
    <ClCompile Include="KazLibrary\Scene\main.cpp" />
    <ClCompile Include="KazLibrary\Scene\SceneChange.cpp" />
    <ClCompile Include="KazLibrary\Scene\SceneManager.cpp" />
    <ClCompile Include="KazLibrary\Sound\IAXAudio2VoiceCallback.cpp" />
    <ClCompile Include="KazLibrary\Sound\SoundManager.cpp" />
    <ClCompile Include="KazLibrary\WinApi\Msg.cpp" />
    <ClCompile Include="KazLibrary\WinApi\WinApi.cpp" />
    <ClCompile Include="KazLibrary\Helper\KazImGuiHelper.cpp" />
    <ClCompile Include="KazLibrary\Buffer\UavViewHandleMgr.cpp" />
    <ClCompile Include="KazLibrary\Collision\BoundingBox.cpp" />
    <ClCompile Include="KazLibrary\Collision\BBDuringEquallyCoordinatePlace.cpp" />
    <ClCompile Include="KazLibrary\Render\DrawExcuteIndirect.cpp" />
    <ClCompile Include="KazLibrary\Buffer\CreateMeshBuffer.cpp" />
    <ClCompile Include="KazLibrary\Helper\ResouceBufferHelper.cpp" />
    <ClCompile Include="KazLibrary\Loader\MeshParticleLoader.cpp" />
    <ClCompile Include="KazLibrary\Loader\MovieLoader.cpp" />
    <ClCompile Include="KazLibrary\Render\DrawingByRasterize.cpp" />
    <ClCompile Include="KazLibrary\Buffer\BufferDuplicateBlocking.cpp" />
    <ClCompile Include="KazLibrary\Buffer\DrawFuncData.cpp" />
    <ClCompile Include="KazLibrary\Buffer\Polygon.cpp" />
    <ClCompile Include="KazLibrary\Helper\Compute.cpp" />
    <ClCompile Include="KazLibrary\Loader\ModelLoader.cpp" />
    <ClCompile Include="KazLibrary\Buffer\VertexBufferMgr.cpp" />
    <ClCompile Include="KazLibrary\Raytracing\Blas.cpp" />
    <ClCompile Include="KazLibrary\Buffer\GBufferMgr.cpp" />
    <ClCompile Include="KazLibrary\Render\DrawFunc.cpp" />
    <ClCompile Include="KazLibrary\Raytracing\BlasVector.cpp" />
    <ClCompile Include="KazLibrary\Raytracing\HitGroup.cpp" />
    <ClCompile Include="KazLibrary\Raytracing\HitGroupMgr.cpp" />
    <ClCompile Include="KazLibrary\Raytracing\RayPipeline.cpp" />
    <ClCompile Include="KazLibrary\Raytracing\RayRootSignature.cpp" />
    <ClCompile Include="KazLibrary\Raytracing\RayShaderData.cpp" />
    <ClCompile Include="KazLibrary\Raytracing\RayShaderStorage.cpp" />
    <ClCompile Include="KazLibrary\Raytracing\Tlas.cpp" />
    <ClCompile Include="Game\Tool\SplineRail.cpp" />
    <ClCompile Include="Game\Debug\DebugCamera.cpp" />
    <ClCompile Include="Game\Input\Input.cpp" />
    <ClCompile Include="KazLibrary\PostEffect\GaussianBlur.cpp" />
    <ClCompile Include="KazLibrary\PostEffect\LensFlare.cpp" />
    <ClCompile Include="KazLibrary\PostEffect\Bloom.cpp" />
    <ClCompile Include="KazLibrary\Buffer\ShaderRandomTable.cpp" />
    <ClCompile Include="KazLibrary\Raytracing\BlasDataContainer.cpp" />
    <ClCompile Include="Game\Tool\ModelTool.cpp" />
    <ClCompile Include="KazLibrary\Animation\AnimationData.cpp" />
    <ClCompile Include="KazLibrary\Buffer\ShaderRandomTable.cpp" />
    <ClCompile Include="KazLibrary\Scene\ModelToolScene.cpp" />
    <ClCompile Include="KazLibrary\Animation\AnimationInRaytracing.cpp" />
    <ClCompile Include="KazLibrary\Render\MeshParticleRender.cpp" />
    <ClCompile Include="KazLibrary\PostEffect\Outline.cpp" />
    <ClCompile Include="Game\Effect\StopMgr.cpp" />
    <ClCompile Include="KazLibrary\Render\DrawFuncHelper.cpp" />
    <ClCompile Include="Game\Scene\DemoScene.cpp" />
    <ClCompile Include="Game\Scene\GameScene.cpp" />
    <ClCompile Include="KazLibrary\Render\BasicDraw.cpp" />
    <ClCompile Include="Game\Stage\StageManager.cpp" />
    <ClCompile Include="Game\Stage\StageModel.cpp" />
    <ClCompile Include="KazLibrary\Render\GenerateRender.cpp" />
    <ClCompile Include="Game\Player\Player.cpp" />
    <ClCompile Include="Game\MapLoader\MapLoader.cpp" />
    <ClCompile Include="Game\Camera.cpp" />
    <ClCompile Include="Game\Collision\MeshCollision.cpp" />
    <ClCompile Include="Game\Scene\TitleScene.cpp" />
    <ClCompile Include="KazLibrary\Scene\LoadScene.cpp" />
    <ClCompile Include="KazLibrary\Singlton\LoadingBar.cpp" />
  </ItemGroup>
  <ItemGroup>
    <ClInclude Include="Game\Debug\ParameterMgr.h" />
    <ClInclude Include="KazLibrary\Buffer\CreateGpuBuffer.h" />
    <ClInclude Include="KazLibrary\Buffer\DescriptorHeapMgr.h" />
    <ClInclude Include="KazLibrary\Camera\CameraMgr.h" />
    <ClInclude Include="KazLibrary\Collision\CollisionManager.h" />
    <ClInclude Include="KazLibrary\DirectXCommon\Base.h" />
    <ClInclude Include="KazLibrary\DirectXCommon\d3dx12.h" />
    <ClInclude Include="KazLibrary\DirectXCommon\DirectX12.h" />
    <ClInclude Include="KazLibrary\DirectXCommon\DirectX12CmdList.h" />
    <ClInclude Include="KazLibrary\DirectXCommon\DirectX12Device.h" />
    <ClInclude Include="KazLibrary\Easing\easing.h" />
    <ClInclude Include="KazLibrary\Fps\FPSManager.h" />
    <ClInclude Include="KazLibrary\Helper\DebugColor.h" />
    <ClInclude Include="KazLibrary\Helper\DirtyFlag.h" />
    <ClInclude Include="KazLibrary\Helper\HandleMaker.h" />
    <ClInclude Include="KazLibrary\Helper\ISinglton.h" />
    <ClInclude Include="KazLibrary\Helper\KazBufferHelper.h" />
    <ClInclude Include="KazLibrary\Helper\KazHelper.h" />
    <ClInclude Include="KazLibrary\Helper\KazImGuiHelper.h" />
    <ClInclude Include="KazLibrary\Helper\KazRenderHelper.h" />
    <ClInclude Include="KazLibrary\Helper\OutPutDebugStringAndCheckResult.h" />
    <ClInclude Include="KazLibrary\Helper\RegisterNameWithData.h" />
    <ClInclude Include="KazLibrary\Helper\ResourceFilePass.h" />
    <ClInclude Include="KazLibrary\Helper\Select.h" />
    <ClInclude Include="KazLibrary\Imgui\imconfig.h" />
    <ClInclude Include="KazLibrary\Imgui\imgui.h" />
    <ClInclude Include="KazLibrary\Imgui\imgui_impl_dx12.h" />
    <ClInclude Include="KazLibrary\Imgui\imgui_impl_win32.h" />
    <ClInclude Include="KazLibrary\Imgui\imgui_internal.h" />
    <ClInclude Include="KazLibrary\Imgui\imstb_rectpack.h" />
    <ClInclude Include="KazLibrary\Imgui\imstb_textedit.h" />
    <ClInclude Include="KazLibrary\Imgui\imstb_truetype.h" />
    <ClInclude Include="KazLibrary\Imgui\MyImgui.h" />
    <ClInclude Include="KazLibrary\Input\ControllerInputManager.h" />
    <ClInclude Include="KazLibrary\Input\IInputManager.h" />
    <ClInclude Include="KazLibrary\Input\KeyBoradInputManager.h" />
    <ClInclude Include="KazLibrary\Loader\FbxModelResourceMgr.h" />
    <ClInclude Include="KazLibrary\Loader\ObjResourceMgr.h" />
    <ClInclude Include="KazLibrary\Loader\TextureResourceMgr.h" />
    <ClInclude Include="KazLibrary\Math\KazMath.h" />
    <ClInclude Include="KazLibrary\Pipeline\GraphicsDepthTest.h" />
    <ClInclude Include="KazLibrary\Pipeline\GraphicsPipeLineMgr.h" />
    <ClInclude Include="KazLibrary\Pipeline\GraphicsRootSignature.h" />
    <ClInclude Include="KazLibrary\Pipeline\PreCreateBasePipeLine.h" />
    <ClInclude Include="KazLibrary\Pipeline\PreCreateBaseRootSignature.h" />
    <ClInclude Include="KazLibrary\Pipeline\Shader.h" />
    <ClInclude Include="KazLibrary\RenderTarget\RenderTargetStatus.h" />
    <ClInclude Include="KazLibrary\Render\RenderData.h" />
    <ClInclude Include="KazLibrary\Scene\SceneBase.h" />
    <ClInclude Include="KazLibrary\Scene\SceneChange.h" />
    <ClInclude Include="KazLibrary\Scene\SceneData.h" />
    <ClInclude Include="KazLibrary\Scene\SceneManager.h" />
    <ClInclude Include="KazLibrary\Sound\IAXAudio2VoiceCallback.h" />
    <ClInclude Include="KazLibrary\Sound\SoundManager.h" />
    <ClInclude Include="KazLibrary\WinApi\Msg.h" />
    <ClInclude Include="KazLibrary\WinApi\WinApi.h" />
    <ClInclude Include="resource.h" />
    <ClInclude Include="KazLibrary\dxcapi.h" />
    <ClInclude Include="KazLibrary\Buffer\UavViewHandleMgr.h" />
    <ClInclude Include="KazLibrary\Render\KazExcuteIndirect.h" />
    <ClInclude Include="KazLibrary\Collision\BoundingBox.h" />
    <ClInclude Include="KazLibrary\Collision\BBDuringEquallyCoordinatePlace.h" />
    <ClInclude Include="KazLibrary\Render\DrawExcuteIndirect.h" />
    <ClInclude Include="KazLibrary\Buffer\CreateMeshBuffer.h" />
    <ClInclude Include="KazLibrary\Helper\ResouceBufferHelper.h" />
    <ClInclude Include="KazLibrary\Loader\MeshParticleLoader.h" />
    <ClInclude Include="KazLibrary\Loader\MovieLoader.h" />
    <ClInclude Include="KazLibrary\Render\DrawingByRasterize.h" />
    <ClInclude Include="KazLibrary\Buffer\BufferDuplicateBlocking.h" />
    <ClInclude Include="KazLibrary\Buffer\DrawFuncData.h" />
    <ClInclude Include="KazLibrary\Imgui\stb_image.h" />
    <ClInclude Include="KazLibrary\Buffer\Polygon.h" />
    <ClInclude Include="KazLibrary\Helper\Compute.h" />
    <ClInclude Include="KazLibrary\Loader\ModelLoader.h" />
    <ClInclude Include="lib\tinygltf\tiny_gltf.h" />
    <ClInclude Include="lib\tinygltf\stb_image.h" />
    <ClInclude Include="lib\tinygltf\stb_image_write.h" />
    <ClInclude Include="KazLibrary\Buffer\VertexBufferMgr.h" />
    <ClInclude Include="KazLibrary\Raytracing\Blas.h" />
    <ClInclude Include="KazLibrary\Buffer\GBufferMgr.h" />
    <ClInclude Include="KazLibrary\Render\DrawFunc.h" />
    <ClInclude Include="KazLibrary\Raytracing\BlasVector.h" />
    <ClInclude Include="KazLibrary\Raytracing\HitGroup.h" />
    <ClInclude Include="KazLibrary\Raytracing\HitGroupMgr.h" />
    <ClInclude Include="KazLibrary\Raytracing\RayPipeline.h" />
    <ClInclude Include="KazLibrary\Raytracing\RayRootSignature.h" />
    <ClInclude Include="KazLibrary\Raytracing\RayShaderData.h" />
    <ClInclude Include="KazLibrary\Raytracing\RayShaderStorage.h" />
    <ClInclude Include="KazLibrary\Raytracing\Tlas.h" />
    <ClInclude Include="Game\Tool\SplineRail.h" />
    <ClInclude Include="Game\Debug\DebugCamera.h" />
    <ClInclude Include="Game\Input\Input.h" />
    <ClInclude Include="KazLibrary\PostEffect\GaussianBlur.h" />
    <ClInclude Include="KazLibrary\PostEffect\LensFlare.h" />
    <ClInclude Include="KazLibrary\PostEffect\Bloom.h" />
    <ClInclude Include="KazLibrary\Buffer\ShaderRandomTable.h" />
    <ClInclude Include="KazLibrary\Raytracing\BlasDataContainer.h" />
    <ClInclude Include="Game\Tool\ModelTool.h" />
    <ClInclude Include="KazLibrary\Animation\AnimationData.h" />
    <ClInclude Include="KazLibrary\Buffer\ShaderRandomTable.h" />
    <ClInclude Include="KazLibrary\Scene\ModelToolScene.h" />
    <ClInclude Include="KazLibrary\Animation\AnimationInRaytracing.h" />
    <ClInclude Include="KazLibrary\Render\MeshParticleRender.h" />
    <ClInclude Include="KazLibrary\PostEffect\Outline.h" />
    <ClInclude Include="Game\Effect\ShakeMgr.h" />
    <ClInclude Include="Game\Effect\StopMgr.h" />
    <ClInclude Include="..\Mineral\Game\Effect\ChromaticAberration.h" />
    <ClInclude Include="KazLibrary\Render\DrawFuncHelper.h" />
    <ClInclude Include="Game\Scene\DemoScene.h" />
    <ClInclude Include="Game\Scene\GameScene.h" />
    <ClInclude Include="KazLibrary\Render\BasicDraw.h" />
    <ClInclude Include="Game\Stage\StageManager.h" />
    <ClInclude Include="Game\Stage\StageModel.h" />
    <ClInclude Include="KazLibrary\Render\GenerateRender.h" />
    <ClInclude Include="Game\Player\Player.h" />
    <ClInclude Include="Game\MapLoader\MapLoader.h" />
    <ClInclude Include="Game\Camera.h" />
    <ClInclude Include="Game\Collision\MeshCollision.h" />
    <ClInclude Include="Game\Scene\TitleScene.h" />
    <ClInclude Include="KazLibrary\Scene\LoadScene.h" />
    <ClInclude Include="KazLibrary\Singlton\LoadingBar.h" />
  </ItemGroup>
  <ItemGroup>
    <None Include="packages.config" />
    <None Include="Resource\ShaderFiles\Raytracing\RaytracingNoiseHeader.hlsli" />
  </ItemGroup>
  <ItemGroup>
    <ResourceCompile Include="KazLib.rc" />
    <ResourceCompile Include="icon.rc" />
  </ItemGroup>
  <ItemGroup>
    <Image Include="icon.ico" />
  </ItemGroup>
</Project>